<?xml version="1.0" encoding="utf-8"?>
<Project ToolsVersion="4.0" xmlns="http://schemas.microsoft.com/developer/msbuild/2003">
  <ItemGroup>
    <Filter Include="Source Files">
      <UniqueIdentifier>{4FC737F1-C7A5-4376-A066-2A32D752A2FF}</UniqueIdentifier>
      <Extensions>cpp;c;cc;cxx;def;odl;idl;hpj;bat;asm;asmx</Extensions>
    </Filter>
    <Filter Include="Header Files">
      <UniqueIdentifier>{93995380-89BD-4b04-88EB-625FBE52EBFB}</UniqueIdentifier>
      <Extensions>h;hpp;hxx;hm;inl;inc;xsd</Extensions>
    </Filter>
    <Filter Include="Resource Files">
      <UniqueIdentifier>{67DA6AB6-F800-4c08-8B7A-83BB121AAD01}</UniqueIdentifier>
      <Extensions>rc;ico;cur;bmp;dlg;rc2;rct;bin;rgs;gif;jpg;jpeg;jpe;resx;tiff;tif;png;wav;mfcribbon-ms</Extensions>
    </Filter>
    <Filter Include="Generated Files">
      <UniqueIdentifier>{e57f9e33-53d3-4c56-91fb-c3e7f465d496}</UniqueIdentifier>
      <SourceControlFiles>False</SourceControlFiles>
    </Filter>
  </ItemGroup>
  <ItemGroup>
    <ClCompile Include="stdafx.cpp">
      <Filter>Source Files</Filter>
    </ClCompile>
    <ClCompile Include="ImageX.cpp">
      <Filter>Source Files</Filter>
    </ClCompile>
    <ClCompile Include="dllmain.cpp">
      <Filter>Source Files</Filter>
    </ClCompile>
    <ClCompile Include="ImageDriver.cpp">
      <Filter>Source Files</Filter>
    </ClCompile>
    <ClCompile Include="BaseDEM.cpp">
      <Filter>Source Files</Filter>
    </ClCompile>
    <ClCompile Include="RealRgn.cpp">
      <Filter>Source Files</Filter>
    </ClCompile>
    <ClCompile Include="Tin.cpp">
      <Filter>Source Files</Filter>
    </ClCompile>
    <ClCompile Include="NSDTFDEM.cpp">
      <Filter>Source Files</Filter>
    </ClCompile>
    <ClCompile Include="TiffDEM.cpp">
      <Filter>Source Files</Filter>
    </ClCompile>
    <ClCompile Include="ArcGridDEM.cpp">
      <Filter>Source Files</Filter>
    </ClCompile>
    <ClCompile Include="DEMDriver.cpp">
      <Filter>Source Files</Filter>
    </ClCompile>
    <ClCompile Include="BilDEM.cpp">
      <Filter>Source Files</Filter>
    </ClCompile>
    <ClCompile Include="FeatureDEM.cpp">
      <Filter>Source Files</Filter>
    </ClCompile>
    <ClCompile Include="FlatDEM.cpp">
      <Filter>Source Files</Filter>
    </ClCompile>
    <ClCompile Include="GCPDEM.cpp">
      <Filter>Source Files</Filter>
    </ClCompile>
    <ClCompile Include="VectorDEM.cpp">
      <Filter>Source Files</Filter>
    </ClCompile>
    <ClCompile Include="VirtuozoDEM.cpp">
      <Filter>Source Files</Filter>
    </ClCompile>
    <ClCompile Include="BaseRaster.cpp">
      <Filter>Source Files</Filter>
    </ClCompile>
    <ClCompile Include="TiffRaster.cpp">
      <Filter>Source Files</Filter>
    </ClCompile>
    <ClCompile Include="JPEGRaster.cpp">
      <Filter>Source Files</Filter>
    </ClCompile>
  </ItemGroup>
  <ItemGroup>
    <ClInclude Include="stdafx.h">
      <Filter>Header Files</Filter>
    </ClInclude>
    <ClInclude Include="targetver.h">
      <Filter>Header Files</Filter>
    </ClInclude>
    <ClInclude Include="Resource.h">
      <Filter>Header Files</Filter>
    </ClInclude>
    <ClInclude Include="dllmain.h">
      <Filter>Header Files</Filter>
    </ClInclude>
    <ClInclude Include="ImageDriver.h">
      <Filter>Header Files</Filter>
    </ClInclude>
    <ClInclude Include="BaseDEM.h">
      <Filter>Header Files</Filter>
    </ClInclude>
    <ClInclude Include="RealRgn.h">
      <Filter>Header Files</Filter>
    </ClInclude>
    <ClInclude Include="Tin.h">
      <Filter>Header Files</Filter>
    </ClInclude>
    <ClInclude Include="NSDTFDEM.h">
      <Filter>Header Files</Filter>
    </ClInclude>
    <ClInclude Include="TiffDEM.h">
      <Filter>Header Files</Filter>
    </ClInclude>
    <ClInclude Include="ArcGridDEM.h">
      <Filter>Header Files</Filter>
    </ClInclude>
    <ClInclude Include="DEMDriver.h">
      <Filter>Header Files</Filter>
    </ClInclude>
    <ClInclude Include="BilDEM.h">
      <Filter>Header Files</Filter>
    </ClInclude>
    <ClInclude Include="FeatureDEM.h">
      <Filter>Header Files</Filter>
    </ClInclude>
    <ClInclude Include="FlatDEM.h">
      <Filter>Header Files</Filter>
    </ClInclude>
    <ClInclude Include="GCPDEM.h">
      <Filter>Header Files</Filter>
    </ClInclude>
    <ClInclude Include="VectorDEM.h">
      <Filter>Header Files</Filter>
    </ClInclude>
    <ClInclude Include="VirtuozoDEM.h">
      <Filter>Header Files</Filter>
    </ClInclude>
    <ClInclude Include="BaseRaster.h">
      <Filter>Header Files</Filter>
    </ClInclude>
    <ClInclude Include="TiffRaster.h">
      <Filter>Header Files</Filter>
    </ClInclude>
    <ClInclude Include="JPEGRaster.h">
      <Filter>Header Files</Filter>
    </ClInclude>
  </ItemGroup>
  <ItemGroup>
    <ResourceCompile Include="ImageX.rc">
      <Filter>Resource Files</Filter>
    </ResourceCompile>
  </ItemGroup>
  <ItemGroup>
    <None Include="ReadMe.txt" />
    <None Include="ImageX.rgs">
      <Filter>Resource Files</Filter>
    </None>
    <None Include="ImageX.def">
      <Filter>Source Files</Filter>
    </None>
    <None Include="ImageDriver.rgs">
      <Filter>Resource Files</Filter>
    </None>
    <None Include="DEMDriver.rgs">
      <Filter>Resource Files</Filter>
    </None>
  </ItemGroup>
  <ItemGroup>
    <Midl Include="ImageX.idl">
      <Filter>Source Files</Filter>
    </Midl>
  </ItemGroup>
</Project>